# This file is autogenerated, do not edit; changes may be undone by the next 'dep ensure'.


[[projects]]
  digest = "1:777f1f0fc92c6fb838ff214ef3b05160b513c262beb88fa342d7a50e797b9539"
  name = "github.com/allegro/bigcache"
  packages = [
    ".",
    "queue",
  ]
  pruneopts = "T"
  revision = "f31987a23e44c5121ef8c8b2f2ea2e8ffa37b068"
  version = "v1.1.0"

[[projects]]
  branch = "master"
  digest = "1:10ea6bfea96a0c89a53430c81ea90c950c611fffa0da1bcb045e305b5e97b969"
  name = "github.com/aristanetworks/goarista"
  packages = ["monotime"]
  pruneopts = "T"
  revision = "e17947f884f63c85799a86637524c213d798c7ec"

[[projects]]
  branch = "master"
  digest = "1:74e6390b521e5f68be220af535e4122b246401bbd118a08a36cac84818bae4ad"
  name = "github.com/btcsuite/btcd"
  packages = [
    "btcec",
    "chaincfg",
    "chaincfg/chainhash",
    "txscript",
    "wire",
  ]
  pruneopts = "T"
  revision = "7d2daa5bfef28c5e282571bc06416516936115ee"

[[projects]]
  branch = "master"
  digest = "1:30d4a548e09bca4a0c77317c58e7407e2a65c15325e944f9c08a7b7992f8a59e"
  name = "github.com/btcsuite/btclog"
  packages = ["."]
  pruneopts = "T"
  revision = "84c8d2346e9fc8c7b947e243b9c24e6df9fd206a"

[[projects]]
  branch = "master"
  digest = "1:4b2262fd5a250400e8fd6aa3fde325dc6d547929c375636ad9b2c9cc352c7054"
  name = "github.com/btcsuite/btcutil"
  packages = [
    ".",
    "base58",
    "bech32",
    "hdkeychain",
  ]
  pruneopts = "T"
  revision = "ab6388e0c60ae4834a1f57511e20c17b5f78be4b"

[[projects]]
  digest = "1:e47d51dab652d26c3fba6f8cba403f922d02757a82abdc77e90df7948daf296e"
  name = "github.com/deckarep/golang-set"
  packages = ["."]
  pruneopts = "T"
  revision = "cbaa98ba5575e67703b32b4b19f73c91f3c4159e"
  version = "v1.7.1"

[[projects]]
  digest = "1:8bf83050739ffd7f13bdc7dd281fccc40718d52eb2ce23fe7d980a3ac1f0a8b0"
  name = "github.com/ethereum/go-ethereum"
  packages = [
    ".",
    "accounts",
    "accounts/abi",
    "accounts/abi/bind",
    "accounts/keystore",
    "common",
    "common/hexutil",
    "common/math",
    "common/mclock",
    "common/prque",
    "consensus",
    "consensus/misc",
    "core",
    "core/rawdb",
    "core/state",
    "core/types",
    "core/vm",
    "crypto",
    "crypto/bn256",
    "crypto/bn256/cloudflare",
    "crypto/bn256/google",
    "crypto/secp256k1",
    "crypto/sha3",
    "ethclient",
    "ethdb",
    "event",
    "log",
    "metrics",
    "p2p/netutil",
    "params",
    "rlp",
    "rpc",
    "trie",
  ]
  pruneopts = "T"
  revision = "dae82f098570e15d44584f0d7f350713f4774727"
  version = "v1.8.19"

[[projects]]
  digest = "1:586ea76dbd0374d6fb649a91d70d652b7fe0ccffb8910a77468e7702e7901f3d"
  name = "github.com/go-stack/stack"
  packages = ["."]
  pruneopts = "T"
  revision = "2fee6af1a9795aafbe0253a0cfbdf668e1fb8a9a"
  version = "v1.8.0"

[[projects]]
  branch = "master"
  digest = "1:6027b20c168728321bd99ad01f35118eded457b01c03e647a84833ab331f2f5b"
  name = "github.com/golang/snappy"
  packages = ["."]
  pruneopts = "T"
  revision = "2e65f85255dbc3072edf28d6b5b8efc472979f5a"

[[projects]]
  digest = "1:236d7e1bdb50d8f68559af37dbcf9d142d56b431c9b2176d41e2a009b664cda8"
  name = "github.com/google/uuid"
  packages = ["."]
  pruneopts = "T"
  revision = "9b3b1e0f5f99ae461456d768e7d301a7acdaa2d8"
  version = "v1.1.0"

[[projects]]
  digest = "1:c79fb010be38a59d657c48c6ba1d003a8aa651fa56b579d959d74573b7dff8e1"
  name = "github.com/gorilla/context"
  packages = ["."]
  pruneopts = "T"
  revision = "08b5f424b9271eedf6f9f0ce86cb9396ed337a42"
  version = "v1.1.1"

[[projects]]
  digest = "1:e73f5b0152105f18bc131fba127d9949305c8693f8a762588a82a48f61756f5f"
  name = "github.com/gorilla/mux"
  packages = ["."]
  pruneopts = "T"
  revision = "e3702bed27f0d39777b0b37b664b6280e8ef8fbf"
  version = "v1.6.2"

[[projects]]
  digest = "1:8ec8d88c248041a6df5f6574b87bc00e7e0b493881dad2e7ef47b11dc69093b5"
  name = "github.com/hashicorp/golang-lru"
  packages = [
    ".",
    "simplelru",
  ]
  pruneopts = "T"
  revision = "20f1fb78b0740ba8c3cb143a61e86ba5c8669768"
  version = "v0.5.0"

[[projects]]
  digest = "1:8f20c8dd713564fa97299fbcb77d729c6de9c33f3222812a76e6ecfaef80fd61"
  name = "github.com/hpcloud/tail"
  packages = [
    ".",
    "ratelimiter",
    "util",
    "watch",
    "winfile",
  ]
  pruneopts = "T"
  revision = "a30252cb686a21eb2d0b98132633053ec2f7f1e5"
  version = "v1.0.0"

[[projects]]
  digest = "1:0a69a1c0db3591fcefb47f115b224592c8dfa4368b7ba9fae509d5e16cdc95c8"
  name = "github.com/konsorten/go-windows-terminal-sequences"
  packages = ["."]
  pruneopts = "T"
  revision = "5c8c8bd35d3832f5d134ae1e1e375b69a4d25242"
  version = "v1.0.1"

[[projects]]
  digest = "1:1de2ef6996903caab4bcf41f7885aa276d8e20076ba52ca80b2c6c32efb9c5f5"
  name = "github.com/onsi/ginkgo"
  packages = [
    ".",
    "config",
    "internal/codelocation",
    "internal/containernode",
    "internal/failer",
    "internal/leafnodes",
    "internal/remote",
    "internal/spec",
    "internal/spec_iterator",
    "internal/specrunner",
    "internal/suite",
    "internal/testingtproxy",
    "internal/writer",
    "reporters",
    "reporters/stenographer",
    "reporters/stenographer/support/go-colorable",
    "reporters/stenographer/support/go-isatty",
    "types",
  ]
  pruneopts = "T"
  revision = "2e1be8f7d90e9d3e3e58b0ce470f2f14d075406f"
  version = "v1.7.0"

[[projects]]
  digest = "1:4f40f5e1925c58d5f9b6a953d1b02f475a6be704e9b5f1a21df6c62c434bde13"
  name = "github.com/onsi/gomega"
  packages = [
    ".",
    "format",
    "internal/assertion",
    "internal/asyncassertion",
    "internal/oraclematcher",
    "internal/testingtsupport",
    "matchers",
    "matchers/support/goraph/bipartitegraph",
    "matchers/support/goraph/edge",
    "matchers/support/goraph/node",
    "matchers/support/goraph/util",
    "types",
  ]
  pruneopts = "T"
  revision = "65fb64232476ad9046e57c26cd0bff3d3a8dc6cd"
  version = "v1.4.3"

[[projects]]
  digest = "1:e5d0bd87abc2781d14e274807a470acd180f0499f8bf5bb18606e9ec22ad9de9"
  name = "github.com/pborman/uuid"
  packages = ["."]
  pruneopts = "T"
  revision = "adf5a7427709b9deb95d29d3fa8a2bf9cfd388f1"
  version = "v1.2"

[[projects]]
  branch = "master"
  digest = "1:c2def95e441286c35a7b96b66525bc0e906a50000e91f2879d4d11a13154ea10"
  name = "github.com/republicprotocol/beth-go"
  packages = ["."]
  pruneopts = "T"
  revision = "8967cde5bf604958a84764a6e07cc0502b64454c"

[[projects]]
  branch = "master"
  digest = "1:9d7bd9312d2dcfcabdc85f41095ab66127312603f83483be8475947b5e62b657"
  name = "github.com/republicprotocol/co-go"
  packages = ["."]
  pruneopts = "T"
  revision = "4e299fdb0e808f64667498735da03fdc2e0e84c9"

[[projects]]
  branch = "master"
  digest = "1:1f59b969ded19a97e2894a72e6b1b30002e640aa15a46d192231b3647335442a"
  name = "github.com/republicprotocol/libbtc-go"
  packages = ["."]
  pruneopts = "T"
  revision = "dc267506aefd8f9b392f26789b4a938170ce07cf"

[[projects]]
  digest = "1:9787d2d3220cbfd444596afd03ab0abcf391df169b789fbe3eae27fa2e426cf6"
  name = "github.com/rjeczalik/notify"
  packages = ["."]
  pruneopts = "T"
  revision = "69d839f37b13a8cb7a78366f7633a4071cb43be7"
  version = "v0.9.2"

[[projects]]
  digest = "1:a8a03bca5a81878daa4958136f3372af00437c61129ca088a430b0b786b9378a"
  name = "github.com/rs/cors"
  packages = ["."]
  pruneopts = "T"
  revision = "9a47f48565a795472d43519dd49aac781f3034fb"
  version = "v1.6.0"

[[projects]]
  digest = "1:a204f9aa04d3305be0d4d8f69f42aee6c649a8f9f9a8dbbbaff54bdad5ce50c7"
  name = "github.com/sirupsen/logrus"
  packages = ["."]
  pruneopts = "T"
  revision = "bcd833dfe83d3cebad139e4a29ed79cb2318bf95"
  version = "v1.2.0"

[[projects]]
  branch = "master"
  digest = "1:7b17050757aaa2f52fcc582125d7abaf5fc2ff273bf023da0c4f98e6f2ebed5f"
  name = "github.com/syndtr/goleveldb"
  packages = [
    "leveldb",
    "leveldb/cache",
    "leveldb/comparer",
    "leveldb/errors",
    "leveldb/filter",
    "leveldb/iterator",
    "leveldb/journal",
    "leveldb/memdb",
    "leveldb/opt",
    "leveldb/storage",
    "leveldb/table",
    "leveldb/util",
  ]
  pruneopts = "T"
  revision = "b001fa50d6b27f3f0bb175a87d0cb55426d0a0ae"

[[projects]]
  digest = "1:73e0d2644cf33beeafbfb79804143ac9738bed3c28a12fd5e61bd3b13ac95407"
  name = "github.com/tyler-smith/go-bip39"
  packages = [
    ".",
    "wordlists",
  ]
  pruneopts = "T"
  revision = "2af0a847066a4f2669040ccd44a79c8eca10806a"
  version = "v1.0.0"

[[projects]]
  branch = "master"
  digest = "1:d470cb69884835b1800e93ceceb85afcf981ea647e61d99398a76af7a95bad6a"
  name = "golang.org/x/crypto"
  packages = [
    "bcrypt",
    "blowfish",
    "pbkdf2",
    "ripemd160",
    "scrypt",
    "ssh/terminal",
  ]
  pruneopts = "T"
  revision = "505ab145d0a99da450461ae2c1a9f6cd10d1f447"

[[projects]]
  branch = "master"
  digest = "1:9f65bf850da1e1c8f97187d98643b580734a3550f73b12dd751fc723d1cf4b2c"
  name = "golang.org/x/net"
  packages = [
    "html",
    "html/atom",
    "html/charset",
    "websocket",
  ]
  pruneopts = "T"
  revision = "351d144fa1fc0bd934e2408202be0c29f25e35a0"

[[projects]]
  branch = "master"
  digest = "1:6cd7e4ff45767ec035a2593b3bd6297d04d31707250fafa0f1bb6d167994f149"
  name = "golang.org/x/sys"
  packages = [
    "cpu",
    "unix",
    "windows",
    "windows/registry",
    "windows/svc",
    "windows/svc/debug",
    "windows/svc/eventlog",
    "windows/svc/mgr",
  ]
  pruneopts = "T"
  revision = "a5c9d58dba9a56f97aaa86f55e638b718c5a6c42"

[[projects]]
  digest = "1:6164911cb5e94e8d8d5131d646613ff82c14f5a8ce869de2f6d80d9889df8c5a"
  name = "golang.org/x/text"
  packages = [
    "encoding",
    "encoding/charmap",
    "encoding/htmlindex",
    "encoding/internal",
    "encoding/internal/identifier",
    "encoding/japanese",
    "encoding/korean",
    "encoding/simplifiedchinese",
    "encoding/traditionalchinese",
    "encoding/unicode",
    "internal/gen",
    "internal/tag",
    "internal/utf8internal",
    "language",
    "runes",
    "transform",
    "unicode/cldr",
  ]
  pruneopts = "T"
  revision = "f21a4dfb5e38f5895301dc265a8def02365cc3d0"
  version = "v0.3.0"

[[projects]]
  digest = "1:7fc160b460a6fc506b37fcca68332464c3f2cd57b6e3f111f26c5bbfd2d5518e"
  name = "gopkg.in/fsnotify.v1"
  packages = ["."]
  pruneopts = "T"
  revision = "c2828203cd70a50dcccfb2761f8b1f8ceef9a8e9"
  source = "https://github.com/fsnotify/fsnotify.git"
  version = "v1.4.7"

[[projects]]
  branch = "v2"
  digest = "1:3d3f9391ab615be8655ae0d686a1564f3fec413979bb1aaf018bac1ec1bb1cc7"
  name = "gopkg.in/natefinch/npipe.v2"
  packages = ["."]
  pruneopts = "T"
  revision = "c1b8fa8bdccecb0b8db834ee0b92fdbcfa606dd6"

[[projects]]
  branch = "v1"
  digest = "1:0caa92e17bc0b65a98c63e5bc76a9e844cd5e56493f8fdbb28fad101a16254d9"
  name = "gopkg.in/tomb.v1"
  packages = ["."]
  pruneopts = "T"
  revision = "dd632973f1e7218eb1089048e0798ec9ae7dceb8"

[[projects]]
  digest = "1:4d2e5a73dc1500038e504a8d78b986630e3626dc027bc030ba5c75da257cdb96"
  name = "gopkg.in/yaml.v2"
  packages = ["."]
  pruneopts = "T"
  revision = "51d6538a90f86fe93ac480b35f37b2be17fef232"
  version = "v2.2.2"

[solve-meta]
  analyzer-name = "dep"
  analyzer-version = 1
  input-imports = [
    "github.com/btcsuite/btcd/chaincfg",
    "github.com/btcsuite/btcd/txscript",
    "github.com/btcsuite/btcd/wire",
    "github.com/btcsuite/btcutil",
    "github.com/btcsuite/btcutil/hdkeychain",
    "github.com/ethereum/go-ethereum",
    "github.com/ethereum/go-ethereum/accounts/abi",
    "github.com/ethereum/go-ethereum/accounts/abi/bind",
    "github.com/ethereum/go-ethereum/common",
    "github.com/ethereum/go-ethereum/core/types",
    "github.com/ethereum/go-ethereum/crypto",
    "github.com/ethereum/go-ethereum/event",
    "github.com/gorilla/mux",
    "github.com/onsi/ginkgo",
    "github.com/onsi/gomega",
    "github.com/republicprotocol/beth-go",
    "github.com/republicprotocol/co-go",
    "github.com/republicprotocol/libbtc-go",
    "github.com/rs/cors",
    "github.com/sirupsen/logrus",
    "github.com/syndtr/goleveldb/leveldb",
    "github.com/syndtr/goleveldb/leveldb/util",
    "github.com/tyler-smith/go-bip39",
    "golang.org/x/crypto/bcrypt",
    "golang.org/x/crypto/ripemd160",
    "golang.org/x/crypto/ssh/terminal",
    "golang.org/x/sys/windows/svc",
    "golang.org/x/sys/windows/svc/debug",
    "golang.org/x/sys/windows/svc/eventlog",
    "golang.org/x/sys/windows/svc/mgr",
  ]
  solver-name = "gps-cdcl"
  solver-version = 1
