# This file is autogenerated, do not edit; changes may be undone by the next 'dep ensure'.


[[projects]]
  branch = "master"
  digest = "1:1a7e4b5bedcd24c5513ad6cb0987bd0209a5378d59684c996c95009e84c7fb32"
  name = "github.com/FactomProject/basen"
  packages = ["."]
  pruneopts = "T"
  revision = "fe3947df716ebfda9847eb1b9a48f9592e06478c"

[[projects]]
  branch = "master"
  digest = "1:2e4626d33e9ff3ca8ced52a94768647fcb5102505b2bf66a9da4135826396688"
  name = "github.com/FactomProject/btcutilecc"
  packages = ["."]
  pruneopts = "T"
  revision = "d3a63a5752ecf3fbc06bd97365da752111c263df"

[[projects]]
  digest = "1:c731e64b230aaf9b4693baa56c3337921189b802652ee3401cd4aedc1a2d2d16"
  name = "github.com/allegro/bigcache"
  packages = [
    ".",
    "queue",
  ]
  pruneopts = "T"
  revision = "84a0ff3f153cbd7e280a19029a864bb04b504e62"
  version = "v1.2.0"

[[projects]]
  branch = "master"
  digest = "1:219b84f8c6b3456cd33a87e5ca3281f02a67595d8ccd5658204e041bacb9e9a4"
  name = "github.com/aristanetworks/goarista"
  packages = ["monotime"]
  pruneopts = "T"
  revision = "a123909ec740ba2ed43a293e3febaf7618aa67d5"

[[projects]]
  branch = "master"
  digest = "1:38279387128c2e74e2a316a5125784920cd6455b693f993e13f93eb11203463b"
  name = "github.com/btcsuite/btcd"
  packages = [
    "btcec",
    "btcjson",
    "chaincfg",
    "chaincfg/chainhash",
    "rpcclient",
    "txscript",
    "wire",
  ]
  pruneopts = "T"
  revision = "aa6e0f35703c1438cc45860ddc0c3f6e6c633c93"

[[projects]]
  branch = "master"
  digest = "1:30d4a548e09bca4a0c77317c58e7407e2a65c15325e944f9c08a7b7992f8a59e"
  name = "github.com/btcsuite/btclog"
  packages = ["."]
  pruneopts = "T"
  revision = "84c8d2346e9fc8c7b947e243b9c24e6df9fd206a"

[[projects]]
  branch = "master"
  digest = "1:26fe365ab8e11dd90ceae96fb2cf7b7d56808d733563ea3e0eb3cd1a3ae775e5"
  name = "github.com/btcsuite/btcutil"
  packages = [
    ".",
    "base58",
    "bech32",
  ]
  pruneopts = "T"
  revision = "3ac1210f4b38284536002486ef8a21ac54c14497"

[[projects]]
  branch = "master"
  digest = "1:422f38d57f1bc0fdc34f26d0f1026869a3710400b09b5478c9288efa13573cfa"
  name = "github.com/btcsuite/go-socks"
  packages = ["socks"]
  pruneopts = "T"
  revision = "4720035b7bfd2a9bb130b1c184f8bbe41b6f0d0f"

[[projects]]
  branch = "master"
  digest = "1:0c86bb908769e764c918826ff3809c1ecc3a7a41f715dbac69ef2bd5c1357c3c"
  name = "github.com/btcsuite/websocket"
  packages = ["."]
  pruneopts = "T"
  revision = "31079b6807923eb23992c421b114992b95131b55"

[[projects]]
  branch = "master"
  digest = "1:3651a7691180a385540fadaf7ebcc8708c061d3b1a9777312a23f7ba10ff6025"
  name = "github.com/codahale/blake2"
  packages = ["."]
  pruneopts = "T"
  revision = "8d10d0420cbfbdc9c1164c0c4ad3457a6c3771b9"

[[projects]]
  digest = "1:e47d51dab652d26c3fba6f8cba403f922d02757a82abdc77e90df7948daf296e"
  name = "github.com/deckarep/golang-set"
  packages = ["."]
  pruneopts = "T"
  revision = "cbaa98ba5575e67703b32b4b19f73c91f3c4159e"
  version = "v1.7.1"

[[projects]]
  digest = "1:1530d06761f464b62ab3dfc2fa5b16303901d87ff219100a1447ba216d2e52be"
  name = "github.com/ethereum/go-ethereum"
  packages = [
    ".",
    "accounts",
    "accounts/abi",
    "accounts/abi/bind",
    "accounts/keystore",
    "common",
    "common/hexutil",
    "common/math",
    "common/mclock",
    "common/prque",
    "consensus",
    "consensus/misc",
    "contracts/ens",
    "contracts/ens/contract",
    "core",
    "core/rawdb",
    "core/state",
    "core/types",
    "core/vm",
    "crypto",
    "crypto/bn256",
    "crypto/bn256/cloudflare",
    "crypto/bn256/google",
    "crypto/secp256k1",
    "ethclient",
    "ethdb",
    "event",
    "log",
    "metrics",
    "p2p/netutil",
    "params",
    "rlp",
    "rpc",
    "trie",
  ]
  pruneopts = "T"
  revision = "c942700427557e3ff6de3aaf6b916e2f056c1ec2"
  version = "v1.8.23"

[[projects]]
  digest = "1:586ea76dbd0374d6fb649a91d70d652b7fe0ccffb8910a77468e7702e7901f3d"
  name = "github.com/go-stack/stack"
  packages = ["."]
  pruneopts = "T"
  revision = "2fee6af1a9795aafbe0253a0cfbdf668e1fb8a9a"
  version = "v1.8.0"

[[projects]]
  digest = "1:f37c069fadbaa889f79aea9cd463d225000a0d26f1e7423f14c0cd58fbc5c597"
  name = "github.com/golang/snappy"
  packages = ["."]
  pruneopts = "T"
  revision = "2a8bb927dd31d8daada140a5d09578521ce5c36a"
  version = "v0.0.1"

[[projects]]
  digest = "1:582b704bebaa06b48c29b0cec224a6058a09c86883aaddabde889cd1a5f73e1b"
  name = "github.com/google/uuid"
  packages = ["."]
  pruneopts = "T"
  revision = "0cd6bf5da1e1c83f8b45653022c74f71af0538a4"
  version = "v1.1.1"

[[projects]]
  digest = "1:03e234a7f71e1bab87804517e5f729b4cc3534cabd2b7cc692052282f6215192"
  name = "github.com/gorilla/mux"
  packages = ["."]
  pruneopts = "T"
  revision = "a7962380ca08b5a188038c69871b8d3fbdf31e89"
  version = "v1.7.0"

[[projects]]
  digest = "1:d15ee511aa0f56baacc1eb4c6b922fa1c03b38413b6be18166b996d82a0156ea"
  name = "github.com/hashicorp/golang-lru"
  packages = [
    ".",
    "simplelru",
  ]
  pruneopts = "T"
  revision = "7087cb70de9f7a8bc0a10c375cb0d2280a8edf9c"
  version = "v0.5.1"

[[projects]]
  digest = "1:8f20c8dd713564fa97299fbcb77d729c6de9c33f3222812a76e6ecfaef80fd61"
  name = "github.com/hpcloud/tail"
  packages = [
    ".",
    "ratelimiter",
    "util",
    "watch",
    "winfile",
  ]
  pruneopts = "T"
  revision = "a30252cb686a21eb2d0b98132633053ec2f7f1e5"
  version = "v1.0.0"

[[projects]]
  branch = "master"
  digest = "1:bf0d23890d36676bc960fa578071e73ad25fcf11344a392c7b1608ee76aa3dbd"
  name = "github.com/iqoption/zecutil"
  packages = ["."]
  pruneopts = "T"
  revision = "2cb80ea5c0ce7485d31c07d3335eb469d5399201"

[[projects]]
  digest = "1:31e761d97c76151dde79e9d28964a812c46efc5baee4085b86f68f0c654450de"
  name = "github.com/konsorten/go-windows-terminal-sequences"
  packages = ["."]
  pruneopts = "T"
  revision = "f55edac94c9bbba5d6182a4be46d86a2c9b5b50e"
  version = "v1.0.2"

[[projects]]
  digest = "1:a9d7e75bf5bf7434f26e9c3ce1292a8a78481478efc45558915d57847d6cd0f9"
  name = "github.com/onsi/ginkgo"
  packages = [
    ".",
    "config",
    "internal/codelocation",
    "internal/containernode",
    "internal/failer",
    "internal/leafnodes",
    "internal/remote",
    "internal/spec",
    "internal/spec_iterator",
    "internal/specrunner",
    "internal/suite",
    "internal/testingtproxy",
    "internal/writer",
    "reporters",
    "reporters/stenographer",
    "reporters/stenographer/support/go-colorable",
    "reporters/stenographer/support/go-isatty",
    "types",
  ]
  pruneopts = "T"
  revision = "eea6ad008b96acdaa524f5b409513bf062b500ad"
  version = "v1.8.0"

[[projects]]
  digest = "1:bcb151c314e2bfa85e5398ad24e86f60bc6b85db87293d4e8f6e83a62090ee68"
  name = "github.com/onsi/gomega"
  packages = [
    ".",
    "format",
    "internal/assertion",
    "internal/asyncassertion",
    "internal/oraclematcher",
    "internal/testingtsupport",
    "matchers",
    "matchers/support/goraph/bipartitegraph",
    "matchers/support/goraph/edge",
    "matchers/support/goraph/node",
    "matchers/support/goraph/util",
    "types",
  ]
  pruneopts = "T"
  revision = "90e289841c1ed79b7a598a7cd9959750cb5e89e2"
  version = "v1.5.0"

[[projects]]
  digest = "1:e5d0bd87abc2781d14e274807a470acd180f0499f8bf5bb18606e9ec22ad9de9"
  name = "github.com/pborman/uuid"
  packages = ["."]
  pruneopts = "T"
  revision = "adf5a7427709b9deb95d29d3fa8a2bf9cfd388f1"
  version = "v1.2"

[[projects]]
  branch = "master"
  digest = "1:def9d47a57c1aaaa6d9ac0f8a6ba0c0bd2f5e61095ab363035137b8d612ae00b"
  name = "github.com/renproject/libbtc-go"
  packages = [
    ".",
    "clients",
    "errors",
  ]
  pruneopts = "T"
  revision = "bce1edb3de69104f2eed126bc25d2ae5bbe490a3"

[[projects]]
  branch = "master"
  digest = "1:71bf75afc87423235f5554ae4e8c51b4b7d3d975d519caf70ad5f7a202cc57ac"
  name = "github.com/renproject/libeth-go"
  packages = ["."]
  pruneopts = "T"
  revision = "976ad1cb56dafa233ed3cc2367ef4d7315938f8c"

[[projects]]
  branch = "master"
  digest = "1:3645fb22bfc7a5b716ac573af2f1802ef8e12807c88586b1e0061754f3b28226"
  name = "github.com/renproject/libzec-go"
  packages = [
    ".",
    "clients",
    "errors",
  ]
  pruneopts = "T"
  revision = "8848336c662815311adf3054998c51afc95ebda9"

[[projects]]
  branch = "master"
  digest = "1:37c4ec6ae8418d8ebdb092406ee502575cfc5af6cc08bdd38b650ad5a6c1ee8c"
  name = "github.com/renproject/mercury"
  packages = [
    ".",
    "btc",
  ]
  pruneopts = "T"
  revision = "78ddbc0c1470adf25eafb041b77cec7dd68991b9"

[[projects]]
  branch = "master"
  digest = "1:ccf4d788d210576d614371c82f4113345b6c5cc60f51ec9a6820c4d9b5bcf112"
  name = "github.com/renproject/tokens"
  packages = ["."]
  pruneopts = "T"
  revision = "18deb2462040fd609303ff873b4fedb423846f67"

[[projects]]
  branch = "master"
  digest = "1:9d7bd9312d2dcfcabdc85f41095ab66127312603f83483be8475947b5e62b657"
  name = "github.com/republicprotocol/co-go"
  packages = ["."]
  pruneopts = "T"
  revision = "4e299fdb0e808f64667498735da03fdc2e0e84c9"

[[projects]]
  branch = "master"
  digest = "1:4748c91eb3347b20404058b7c8dc6119fb5babebd4b113cbbd0d46cdf73c0201"
  name = "github.com/republicprotocol/tau"
  packages = [
    ".",
    "core/buffer",
    "core/task",
  ]
  pruneopts = "T"
  revision = "54c2ea27fbc3fbc7106b945b2f582e065944e2ce"

[[projects]]
  digest = "1:9787d2d3220cbfd444596afd03ab0abcf391df169b789fbe3eae27fa2e426cf6"
  name = "github.com/rjeczalik/notify"
  packages = ["."]
  pruneopts = "T"
  revision = "69d839f37b13a8cb7a78366f7633a4071cb43be7"
  version = "v0.9.2"

[[projects]]
  digest = "1:a8a03bca5a81878daa4958136f3372af00437c61129ca088a430b0b786b9378a"
  name = "github.com/rs/cors"
  packages = ["."]
  pruneopts = "T"
  revision = "9a47f48565a795472d43519dd49aac781f3034fb"
  version = "v1.6.0"

[[projects]]
  digest = "1:e943eb8262b5644f4b5808d6b092df55df6f0961219fb19f49401f0df0cc625e"
  name = "github.com/sirupsen/logrus"
  packages = ["."]
  pruneopts = "T"
  revision = "dae0fa8d5b0c810a8ab733fbd5510c7cae84eca4"
  version = "v1.4.0"

[[projects]]
  digest = "1:0259dc37735eccf1715a97e74309c6d8579b64ab297df21bf647b2672c8fdc11"
  name = "github.com/syndtr/goleveldb"
  packages = [
    "leveldb",
    "leveldb/cache",
    "leveldb/comparer",
    "leveldb/errors",
    "leveldb/filter",
    "leveldb/iterator",
    "leveldb/journal",
    "leveldb/memdb",
    "leveldb/opt",
    "leveldb/storage",
    "leveldb/table",
    "leveldb/util",
  ]
  pruneopts = "T"
  revision = "9d007e481048296f09f59bd19bb7ae584563cd95"
  version = "v1.0.0"

[[projects]]
  branch = "master"
  digest = "1:ec528a786fa75556deed44de7118a74ced456360e782786a20aed292a03955a5"
  name = "github.com/tyler-smith/go-bip32"
  packages = ["."]
  pruneopts = "T"
  revision = "2c9cfd17756470a0b7c3e4b7954bae7d11035504"

[[projects]]
  digest = "1:73e0d2644cf33beeafbfb79804143ac9738bed3c28a12fd5e61bd3b13ac95407"
  name = "github.com/tyler-smith/go-bip39"
  packages = [
    ".",
    "wordlists",
  ]
  pruneopts = "T"
  revision = "2af0a847066a4f2669040ccd44a79c8eca10806a"
  version = "v1.0.0"

[[projects]]
  digest = "1:a4ef215bd846f9407d095f526879cb232330e1e7a748c70e384f775a6a64fd3e"
  name = "github.com/urfave/cli"
  packages = ["."]
  pruneopts = "T"
  revision = "cfb38830724cc34fedffe9a2a29fb54fa9169cd1"
  version = "v1.20.0"

[[projects]]
  branch = "master"
  digest = "1:287367cdf1d4ad1b717dcc43a31f500eb36a2bdfc1ad3305fc023e58e1ece269"
  name = "golang.org/x/crypto"
  packages = [
    "bcrypt",
    "blowfish",
    "pbkdf2",
    "ripemd160",
    "scrypt",
    "sha3",
    "ssh/terminal",
  ]
  pruneopts = "T"
  revision = "a5d413f7728c81fb97d96a2b722368945f651e78"

[[projects]]
  branch = "master"
  digest = "1:97a82d1b06223dada4445c4ee6823a22a35dd1f962ede510fbd6126c5460e370"
  name = "golang.org/x/net"
  packages = [
    "html",
    "html/atom",
    "html/charset",
    "websocket",
  ]
  pruneopts = "T"
  revision = "74e053c68e2965fe54b49e4d18cb37db34288db2"

[[projects]]
  branch = "master"
  digest = "1:92d28915fed72feacdea31a00dbe77b86eca8e0b4530ce125442119d4af0ae6b"
  name = "golang.org/x/sys"
  packages = [
    "cpu",
    "unix",
    "windows",
    "windows/registry",
    "windows/svc",
    "windows/svc/debug",
    "windows/svc/eventlog",
    "windows/svc/mgr",
  ]
  pruneopts = "T"
  revision = "f49334f85ddcf0f08d7fb6dd7363e9e6d6b777eb"

[[projects]]
  digest = "1:6164911cb5e94e8d8d5131d646613ff82c14f5a8ce869de2f6d80d9889df8c5a"
  name = "golang.org/x/text"
  packages = [
    "encoding",
    "encoding/charmap",
    "encoding/htmlindex",
    "encoding/internal",
    "encoding/internal/identifier",
    "encoding/japanese",
    "encoding/korean",
    "encoding/simplifiedchinese",
    "encoding/traditionalchinese",
    "encoding/unicode",
    "internal/gen",
    "internal/tag",
    "internal/utf8internal",
    "language",
    "runes",
    "transform",
    "unicode/cldr",
  ]
  pruneopts = "T"
  revision = "f21a4dfb5e38f5895301dc265a8def02365cc3d0"
  version = "v0.3.0"

[[projects]]
  branch = "master"
  digest = "1:e0f36994991ebdfd681f71d5378b496462e960858036a252ca30be6d8d58f35b"
  name = "golang.org/x/time"
  packages = ["rate"]
  pruneopts = "T"
  revision = "9d24e82272b4f38b78bc8cff74fa936d31ccd8ef"

[[projects]]
  digest = "1:7fc160b460a6fc506b37fcca68332464c3f2cd57b6e3f111f26c5bbfd2d5518e"
  name = "gopkg.in/fsnotify.v1"
  packages = ["."]
  pruneopts = "T"
  revision = "c2828203cd70a50dcccfb2761f8b1f8ceef9a8e9"
  source = "https://github.com/fsnotify/fsnotify.git"
  version = "v1.4.7"

[[projects]]
  branch = "v2"
  digest = "1:3d3f9391ab615be8655ae0d686a1564f3fec413979bb1aaf018bac1ec1bb1cc7"
  name = "gopkg.in/natefinch/npipe.v2"
  packages = ["."]
  pruneopts = "T"
  revision = "c1b8fa8bdccecb0b8db834ee0b92fdbcfa606dd6"

[[projects]]
  branch = "v1"
  digest = "1:0caa92e17bc0b65a98c63e5bc76a9e844cd5e56493f8fdbb28fad101a16254d9"
  name = "gopkg.in/tomb.v1"
  packages = ["."]
  pruneopts = "T"
  revision = "dd632973f1e7218eb1089048e0798ec9ae7dceb8"

[[projects]]
  digest = "1:4d2e5a73dc1500038e504a8d78b986630e3626dc027bc030ba5c75da257cdb96"
  name = "gopkg.in/yaml.v2"
  packages = ["."]
  pruneopts = "T"
  revision = "51d6538a90f86fe93ac480b35f37b2be17fef232"
  version = "v2.2.2"

[solve-meta]
  analyzer-name = "dep"
  analyzer-version = 1
  input-imports = [
    "github.com/btcsuite/btcd/chaincfg",
    "github.com/btcsuite/btcd/txscript",
    "github.com/btcsuite/btcd/wire",
    "github.com/btcsuite/btcutil",
    "github.com/ethereum/go-ethereum",
    "github.com/ethereum/go-ethereum/accounts/abi",
    "github.com/ethereum/go-ethereum/accounts/abi/bind",
    "github.com/ethereum/go-ethereum/common",
    "github.com/ethereum/go-ethereum/core/types",
    "github.com/ethereum/go-ethereum/crypto",
    "github.com/ethereum/go-ethereum/event",
    "github.com/gorilla/mux",
    "github.com/onsi/ginkgo",
    "github.com/onsi/gomega",
    "github.com/renproject/libbtc-go",
    "github.com/renproject/libeth-go",
    "github.com/renproject/libzec-go",
    "github.com/renproject/tokens",
    "github.com/republicprotocol/co-go",
    "github.com/republicprotocol/tau",
    "github.com/rs/cors",
    "github.com/sirupsen/logrus",
    "github.com/syndtr/goleveldb/leveldb",
    "github.com/syndtr/goleveldb/leveldb/util",
    "github.com/tyler-smith/go-bip32",
    "github.com/tyler-smith/go-bip39",
    "github.com/urfave/cli",
    "golang.org/x/crypto/bcrypt",
    "golang.org/x/crypto/ripemd160",
    "golang.org/x/crypto/sha3",
    "golang.org/x/sys/windows/svc",
    "golang.org/x/sys/windows/svc/debug",
    "golang.org/x/sys/windows/svc/eventlog",
    "golang.org/x/sys/windows/svc/mgr",
    "gopkg.in/fsnotify.v1",
  ]
  solver-name = "gps-cdcl"
  solver-version = 1
